
Microsoft Visual Studio Solution File, Format Version 12.00
# Visual Studio Version 17
VisualStudioVersion = 17.5.33516.290
MinimumVisualStudioVersion = 10.0.40219.1
Project("{FAE04EC0-301F-11D3-BF4B-00C04F79EFBC}") = "First1", "First1\First1.csproj", "{95B8C7DD-CD3C-4157-85CD-44B4D7EFE0E5}"
EndProject
Project("{9A19103F-16F7-4668-BE54-9A1E7A4F7556}") = "ConsoleApp1", "ConsoleApp1\ConsoleApp1.csproj", "{08B1C800-F275-4638-8A6C-423BB95FC6D3}"
EndProject
Project("{9A19103F-16F7-4668-BE54-9A1E7A4F7556}") = "Top-Level Statements", "Top-Level Statements\Top-Level Statements.csproj", "{73E2646B-391A-41BE-9802-68964785BFFC}"
EndProject
Project("{9A19103F-16F7-4668-BE54-9A1E7A4F7556}") = "Stringformatlama", "Stringformatlama\Stringformatlama.csproj", "{E0ABBA20-00CD-4213-A48C-EA15F04278B4}"
EndProject
Project("{FAE04EC0-301F-11D3-BF4B-00C04F79EFBC}") = "StringformatlamaFormApp", "StringformatlamaFormApp\StringformatlamaFormApp.csproj", "{A811AD3A-4C44-4107-9739-15FC7D7B26FF}"
EndProject
Project("{FAE04EC0-301F-11D3-BF4B-00C04F79EFBC}") = "BasitTextboxApp", "BasitTextboxApp\BasitTextboxApp.csproj", "{BAD8F239-3910-4836-B17D-18BDF0E1EAE1}"
EndProject
Project("{FAE04EC0-301F-11D3-BF4B-00C04F79EFBC}") = "BasitToplamaApp", "BasitToplamaApp\BasitToplamaApp.csproj", "{78219C90-6127-416E-84A3-A62D7DC1FD90}"
EndProject
Project("{FAE04EC0-301F-11D3-BF4B-00C04F79EFBC}") = "BasitteksayiciftsayiApp", "BasitteksayiciftsayiApp\BasitteksayiciftsayiApp.csproj", "{CD8F2140-1CFD-4655-89CB-6DE301AE4269}"
EndProject
Project("{FAE04EC0-301F-11D3-BF4B-00C04F79EFBC}") = "İkisayi-ile-islemyapan-basitform-uygulamasi", "İkisayi-ile-islemyapan-basitform-uygulamasi\İkisayi-ile-islemyapan-basitform-uygulamasi.csproj", "{C5D2766A-509D-4FD3-9C83-7FFCB8F2D620}"
EndProject
Project("{FAE04EC0-301F-11D3-BF4B-00C04F79EFBC}") = "Sayi-arttirma-uygulamasi", "Sayi-arttirma-uygulamasi\Sayi-arttirma-uygulamasi.csproj", "{AE31477A-1EC8-45F6-9E11-377AA1E94E1C}"
EndProject
Project("{FAE04EC0-301F-11D3-BF4B-00C04F79EFBC}") = "arttir-azalt-uygulamasi", "arttir-azalt-uygulamasi\arttir-azalt-uygulamasi.csproj", "{71D9A508-E6E7-4C45-A495-0292467C141F}"
EndProject
Project("{FAE04EC0-301F-11D3-BF4B-00C04F79EFBC}") = "birle-on-arasindaki-sayilari-combox'a-doldurma", "birle-on-arasindaki-sayilari-combox'a-doldurma\birle-on-arasindaki-sayilari-combox'a-doldurma.csproj", "{843B5940-9756-48E7-BE15-8E63F64F115F}"
EndProject
Project("{FAE04EC0-301F-11D3-BF4B-00C04F79EFBC}") = "Birle-20arasinda-sayi-uretme", "Birle-20arasinda-sayi-uretme\Birle-20arasinda-sayi-uretme.csproj", "{1BF98150-B43F-47A5-BB04-22221361296D}"
EndProject
Project("{FAE04EC0-301F-11D3-BF4B-00C04F79EFBC}") = "Ondalikli-sayi-random-uretip-listbox'a-ekleme", "Ondalikli-sayi-random-uretip-listbox'a-ekleme\Ondalikli-sayi-random-uretip-listbox'a-ekleme.csproj", "{B80F453F-55D6-4109-ACAB-43942A644AA4}"
EndProject
Project("{FAE04EC0-301F-11D3-BF4B-00C04F79EFBC}") = "Rastgele-isim-secen-uygulama", "Rastgele-isim-secen-uygulama\Rastgele-isim-secen-uygulama.csproj", "{AFA5E54D-D565-4E09-983A-D8F0FF16B247}"
EndProject
Project("{FAE04EC0-301F-11D3-BF4B-00C04F79EFBC}") = "Dongu-kullanimi-ile-ilgili-uygulama", "Dongu-kullanimi-ile-ilgili-uygulama\Dongu-kullanimi-ile-ilgili-uygulama.csproj", "{36C663C1-5883-4F20-B1F6-BC9A12CDFB1B}"
EndProject
Project("{FAE04EC0-301F-11D3-BF4B-00C04F79EFBC}") = "Uc-textbox-icerisindeki-sayilari-karsilastirma", "Uc-textbox-icerisindeki-sayilari-karsilastirma\Uc-textbox-icerisindeki-sayilari-karsilastirma.csproj", "{08C1659B-2F85-4561-8696-BD1DAB1CF4CC}"
EndProject
Project("{FAE04EC0-301F-11D3-BF4B-00C04F79EFBC}") = "Sayıları-sıralama", "Sayıları-sıralama\Sayıları-sıralama.csproj", "{EA2285D0-514E-4165-B141-619ABE900B9F}"
EndProject
Project("{FAE04EC0-301F-11D3-BF4B-00C04F79EFBC}") = "faktoriyelhesaplama", "faktoriyelhesaplama\faktoriyelhesaplama.csproj", "{8051CD87-BA20-4F23-B37D-0C4894F60BEC}"
EndProject
Global
	GlobalSection(SolutionConfigurationPlatforms) = preSolution
		Debug|Any CPU = Debug|Any CPU
		Release|Any CPU = Release|Any CPU
	EndGlobalSection
	GlobalSection(ProjectConfigurationPlatforms) = postSolution
		{95B8C7DD-CD3C-4157-85CD-44B4D7EFE0E5}.Debug|Any CPU.ActiveCfg = Debug|Any CPU
		{95B8C7DD-CD3C-4157-85CD-44B4D7EFE0E5}.Debug|Any CPU.Build.0 = Debug|Any CPU
		{95B8C7DD-CD3C-4157-85CD-44B4D7EFE0E5}.Release|Any CPU.ActiveCfg = Release|Any CPU
		{95B8C7DD-CD3C-4157-85CD-44B4D7EFE0E5}.Release|Any CPU.Build.0 = Release|Any CPU
		{08B1C800-F275-4638-8A6C-423BB95FC6D3}.Debug|Any CPU.ActiveCfg = Debug|Any CPU
		{08B1C800-F275-4638-8A6C-423BB95FC6D3}.Debug|Any CPU.Build.0 = Debug|Any CPU
		{08B1C800-F275-4638-8A6C-423BB95FC6D3}.Release|Any CPU.ActiveCfg = Release|Any CPU
		{08B1C800-F275-4638-8A6C-423BB95FC6D3}.Release|Any CPU.Build.0 = Release|Any CPU
		{73E2646B-391A-41BE-9802-68964785BFFC}.Debug|Any CPU.ActiveCfg = Debug|Any CPU
		{73E2646B-391A-41BE-9802-68964785BFFC}.Debug|Any CPU.Build.0 = Debug|Any CPU
		{73E2646B-391A-41BE-9802-68964785BFFC}.Release|Any CPU.ActiveCfg = Release|Any CPU
		{73E2646B-391A-41BE-9802-68964785BFFC}.Release|Any CPU.Build.0 = Release|Any CPU
		{E0ABBA20-00CD-4213-A48C-EA15F04278B4}.Debug|Any CPU.ActiveCfg = Debug|Any CPU
		{E0ABBA20-00CD-4213-A48C-EA15F04278B4}.Debug|Any CPU.Build.0 = Debug|Any CPU
		{E0ABBA20-00CD-4213-A48C-EA15F04278B4}.Release|Any CPU.ActiveCfg = Release|Any CPU
		{E0ABBA20-00CD-4213-A48C-EA15F04278B4}.Release|Any CPU.Build.0 = Release|Any CPU
		{A811AD3A-4C44-4107-9739-15FC7D7B26FF}.Debug|Any CPU.ActiveCfg = Debug|Any CPU
		{A811AD3A-4C44-4107-9739-15FC7D7B26FF}.Debug|Any CPU.Build.0 = Debug|Any CPU
		{A811AD3A-4C44-4107-9739-15FC7D7B26FF}.Release|Any CPU.ActiveCfg = Release|Any CPU
		{A811AD3A-4C44-4107-9739-15FC7D7B26FF}.Release|Any CPU.Build.0 = Release|Any CPU
		{BAD8F239-3910-4836-B17D-18BDF0E1EAE1}.Debug|Any CPU.ActiveCfg = Debug|Any CPU
		{BAD8F239-3910-4836-B17D-18BDF0E1EAE1}.Debug|Any CPU.Build.0 = Debug|Any CPU
		{BAD8F239-3910-4836-B17D-18BDF0E1EAE1}.Release|Any CPU.ActiveCfg = Release|Any CPU
		{BAD8F239-3910-4836-B17D-18BDF0E1EAE1}.Release|Any CPU.Build.0 = Release|Any CPU
		{78219C90-6127-416E-84A3-A62D7DC1FD90}.Debug|Any CPU.ActiveCfg = Debug|Any CPU
		{78219C90-6127-416E-84A3-A62D7DC1FD90}.Debug|Any CPU.Build.0 = Debug|Any CPU
		{78219C90-6127-416E-84A3-A62D7DC1FD90}.Release|Any CPU.ActiveCfg = Release|Any CPU
		{78219C90-6127-416E-84A3-A62D7DC1FD90}.Release|Any CPU.Build.0 = Release|Any CPU
		{CD8F2140-1CFD-4655-89CB-6DE301AE4269}.Debug|Any CPU.ActiveCfg = Debug|Any CPU
		{CD8F2140-1CFD-4655-89CB-6DE301AE4269}.Debug|Any CPU.Build.0 = Debug|Any CPU
		{CD8F2140-1CFD-4655-89CB-6DE301AE4269}.Release|Any CPU.ActiveCfg = Release|Any CPU
		{CD8F2140-1CFD-4655-89CB-6DE301AE4269}.Release|Any CPU.Build.0 = Release|Any CPU
		{C5D2766A-509D-4FD3-9C83-7FFCB8F2D620}.Debug|Any CPU.ActiveCfg = Debug|Any CPU
		{C5D2766A-509D-4FD3-9C83-7FFCB8F2D620}.Debug|Any CPU.Build.0 = Debug|Any CPU
		{C5D2766A-509D-4FD3-9C83-7FFCB8F2D620}.Release|Any CPU.ActiveCfg = Release|Any CPU
		{C5D2766A-509D-4FD3-9C83-7FFCB8F2D620}.Release|Any CPU.Build.0 = Release|Any CPU
		{AE31477A-1EC8-45F6-9E11-377AA1E94E1C}.Debug|Any CPU.ActiveCfg = Debug|Any CPU
		{AE31477A-1EC8-45F6-9E11-377AA1E94E1C}.Debug|Any CPU.Build.0 = Debug|Any CPU
		{AE31477A-1EC8-45F6-9E11-377AA1E94E1C}.Release|Any CPU.ActiveCfg = Release|Any CPU
		{AE31477A-1EC8-45F6-9E11-377AA1E94E1C}.Release|Any CPU.Build.0 = Release|Any CPU
		{71D9A508-E6E7-4C45-A495-0292467C141F}.Debug|Any CPU.ActiveCfg = Debug|Any CPU
		{71D9A508-E6E7-4C45-A495-0292467C141F}.Debug|Any CPU.Build.0 = Debug|Any CPU
		{71D9A508-E6E7-4C45-A495-0292467C141F}.Release|Any CPU.ActiveCfg = Release|Any CPU
		{71D9A508-E6E7-4C45-A495-0292467C141F}.Release|Any CPU.Build.0 = Release|Any CPU
		{843B5940-9756-48E7-BE15-8E63F64F115F}.Debug|Any CPU.ActiveCfg = Debug|Any CPU
		{843B5940-9756-48E7-BE15-8E63F64F115F}.Debug|Any CPU.Build.0 = Debug|Any CPU
		{843B5940-9756-48E7-BE15-8E63F64F115F}.Release|Any CPU.ActiveCfg = Release|Any CPU
		{843B5940-9756-48E7-BE15-8E63F64F115F}.Release|Any CPU.Build.0 = Release|Any CPU
		{1BF98150-B43F-47A5-BB04-22221361296D}.Debug|Any CPU.ActiveCfg = Debug|Any CPU
		{1BF98150-B43F-47A5-BB04-22221361296D}.Debug|Any CPU.Build.0 = Debug|Any CPU
		{1BF98150-B43F-47A5-BB04-22221361296D}.Release|Any CPU.ActiveCfg = Release|Any CPU
		{1BF98150-B43F-47A5-BB04-22221361296D}.Release|Any CPU.Build.0 = Release|Any CPU
		{B80F453F-55D6-4109-ACAB-43942A644AA4}.Debug|Any CPU.ActiveCfg = Debug|Any CPU
		{B80F453F-55D6-4109-ACAB-43942A644AA4}.Debug|Any CPU.Build.0 = Debug|Any CPU
		{B80F453F-55D6-4109-ACAB-43942A644AA4}.Release|Any CPU.ActiveCfg = Release|Any CPU
		{B80F453F-55D6-4109-ACAB-43942A644AA4}.Release|Any CPU.Build.0 = Release|Any CPU
		{AFA5E54D-D565-4E09-983A-D8F0FF16B247}.Debug|Any CPU.ActiveCfg = Debug|Any CPU
		{AFA5E54D-D565-4E09-983A-D8F0FF16B247}.Debug|Any CPU.Build.0 = Debug|Any CPU
		{AFA5E54D-D565-4E09-983A-D8F0FF16B247}.Release|Any CPU.ActiveCfg = Release|Any CPU
		{AFA5E54D-D565-4E09-983A-D8F0FF16B247}.Release|Any CPU.Build.0 = Release|Any CPU
		{36C663C1-5883-4F20-B1F6-BC9A12CDFB1B}.Debug|Any CPU.ActiveCfg = Debug|Any CPU
		{36C663C1-5883-4F20-B1F6-BC9A12CDFB1B}.Debug|Any CPU.Build.0 = Debug|Any CPU
		{36C663C1-5883-4F20-B1F6-BC9A12CDFB1B}.Release|Any CPU.ActiveCfg = Release|Any CPU
		{36C663C1-5883-4F20-B1F6-BC9A12CDFB1B}.Release|Any CPU.Build.0 = Release|Any CPU
		{08C1659B-2F85-4561-8696-BD1DAB1CF4CC}.Debug|Any CPU.ActiveCfg = Debug|Any CPU
		{08C1659B-2F85-4561-8696-BD1DAB1CF4CC}.Debug|Any CPU.Build.0 = Debug|Any CPU
		{08C1659B-2F85-4561-8696-BD1DAB1CF4CC}.Release|Any CPU.ActiveCfg = Release|Any CPU
		{08C1659B-2F85-4561-8696-BD1DAB1CF4CC}.Release|Any CPU.Build.0 = Release|Any CPU
		{EA2285D0-514E-4165-B141-619ABE900B9F}.Debug|Any CPU.ActiveCfg = Debug|Any CPU
		{EA2285D0-514E-4165-B141-619ABE900B9F}.Debug|Any CPU.Build.0 = Debug|Any CPU
		{EA2285D0-514E-4165-B141-619ABE900B9F}.Release|Any CPU.ActiveCfg = Release|Any CPU
		{EA2285D0-514E-4165-B141-619ABE900B9F}.Release|Any CPU.Build.0 = Release|Any CPU
		{8051CD87-BA20-4F23-B37D-0C4894F60BEC}.Debug|Any CPU.ActiveCfg = Debug|Any CPU
		{8051CD87-BA20-4F23-B37D-0C4894F60BEC}.Debug|Any CPU.Build.0 = Debug|Any CPU
		{8051CD87-BA20-4F23-B37D-0C4894F60BEC}.Release|Any CPU.ActiveCfg = Release|Any CPU
		{8051CD87-BA20-4F23-B37D-0C4894F60BEC}.Release|Any CPU.Build.0 = Release|Any CPU
	EndGlobalSection
	GlobalSection(SolutionProperties) = preSolution
		HideSolutionNode = FALSE
	EndGlobalSection
	GlobalSection(ExtensibilityGlobals) = postSolution
		SolutionGuid = {CE0CC04E-FEDA-4BA1-8E40-6BAB3C378B19}
	EndGlobalSection
EndGlobal
