
Microsoft Visual Studio Solution File, Format Version 12.00
# Visual Studio Version 17
VisualStudioVersion = 17.5.33516.290
MinimumVisualStudioVersion = 10.0.40219.1
Project("{FAE04EC0-301F-11D3-BF4B-00C04F79EFBC}") = "First1", "First1\First1.csproj", "{95B8C7DD-CD3C-4157-85CD-44B4D7EFE0E5}"
EndProject
Project("{9A19103F-16F7-4668-BE54-9A1E7A4F7556}") = "ConsoleApp1", "ConsoleApp1\ConsoleApp1.csproj", "{08B1C800-F275-4638-8A6C-423BB95FC6D3}"
EndProject
Project("{FAE04EC0-301F-11D3-BF4B-00C04F79EFBC}") = "Top-Level Statements", "Top-Level Statements\Top-Level Statements.csproj", "{73E2646B-391A-41BE-9802-68964785BFFC}"
EndProject
Global
	GlobalSection(SolutionConfigurationPlatforms) = preSolution
		Debug|Any CPU = Debug|Any CPU
		Release|Any CPU = Release|Any CPU
	EndGlobalSection
	GlobalSection(ProjectConfigurationPlatforms) = postSolution
		{95B8C7DD-CD3C-4157-85CD-44B4D7EFE0E5}.Debug|Any CPU.ActiveCfg = Debug|Any CPU
		{95B8C7DD-CD3C-4157-85CD-44B4D7EFE0E5}.Debug|Any CPU.Build.0 = Debug|Any CPU
		{95B8C7DD-CD3C-4157-85CD-44B4D7EFE0E5}.Release|Any CPU.ActiveCfg = Release|Any CPU
		{95B8C7DD-CD3C-4157-85CD-44B4D7EFE0E5}.Release|Any CPU.Build.0 = Release|Any CPU
		{08B1C800-F275-4638-8A6C-423BB95FC6D3}.Debug|Any CPU.ActiveCfg = Debug|Any CPU
		{08B1C800-F275-4638-8A6C-423BB95FC6D3}.Debug|Any CPU.Build.0 = Debug|Any CPU
		{08B1C800-F275-4638-8A6C-423BB95FC6D3}.Release|Any CPU.ActiveCfg = Release|Any CPU
		{08B1C800-F275-4638-8A6C-423BB95FC6D3}.Release|Any CPU.Build.0 = Release|Any CPU
		{73E2646B-391A-41BE-9802-68964785BFFC}.Debug|Any CPU.ActiveCfg = Debug|Any CPU
		{73E2646B-391A-41BE-9802-68964785BFFC}.Debug|Any CPU.Build.0 = Debug|Any CPU
		{73E2646B-391A-41BE-9802-68964785BFFC}.Release|Any CPU.ActiveCfg = Release|Any CPU
		{73E2646B-391A-41BE-9802-68964785BFFC}.Release|Any CPU.Build.0 = Release|Any CPU
	EndGlobalSection
	GlobalSection(SolutionProperties) = preSolution
		HideSolutionNode = FALSE
	EndGlobalSection
	GlobalSection(ExtensibilityGlobals) = postSolution
		SolutionGuid = {CE0CC04E-FEDA-4BA1-8E40-6BAB3C378B19}
	EndGlobalSection
EndGlobal
